// !$*UTF8*$!
{
	archiveVersion = 1;
	classes = {
	};
	objectVersion = 56;
	objects = {

/* Begin PBXBuildFile section */
		2E72061F2C19F0130029191A /* Decoders+API.swift in Sources */ = {isa = PBXBuildFile; fileRef = 2E72061E2C19F0130029191A /* Decoders+API.swift */; };
		2E7ADED82B1E496E009B1B99 /* SimplyApp.swift in Sources */ = {isa = PBXBuildFile; fileRef = 2E7ADED72B1E496E009B1B99 /* SimplyApp.swift */; };
		2E7ADEDA2B1E496E009B1B99 /* ContentView.swift in Sources */ = {isa = PBXBuildFile; fileRef = 2E7ADED92B1E496E009B1B99 /* ContentView.swift */; };
		2E7ADEDC2B1E496F009B1B99 /* Assets.xcassets in Resources */ = {isa = PBXBuildFile; fileRef = 2E7ADEDB2B1E496F009B1B99 /* Assets.xcassets */; };
		2E7ADEDF2B1E496F009B1B99 /* Preview Assets.xcassets in Resources */ = {isa = PBXBuildFile; fileRef = 2E7ADEDE2B1E496F009B1B99 /* Preview Assets.xcassets */; };
		2E7ADEE62B1E4992009B1B99 /* PersistenceController.swift in Sources */ = {isa = PBXBuildFile; fileRef = 2E7ADEE52B1E4992009B1B99 /* PersistenceController.swift */; };
		2E7ADEE82B1E4A1B009B1B99 /* TaskManager.swift in Sources */ = {isa = PBXBuildFile; fileRef = 2E7ADEE72B1E4A1B009B1B99 /* TaskManager.swift */; };
		2E7ADEEC2B1E4AAA009B1B99 /* TodoTask.swift in Sources */ = {isa = PBXBuildFile; fileRef = 2E7ADEEB2B1E4AAA009B1B99 /* TodoTask.swift */; };
		2E7ADEF32B1E9321009B1B99 /* URL+TaskEndpoint.swift in Sources */ = {isa = PBXBuildFile; fileRef = 2E7ADEF22B1E9321009B1B99 /* URL+TaskEndpoint.swift */; };
		2E7ADEFD2B1F5FCA009B1B99 /* AddTaskView.swift in Sources */ = {isa = PBXBuildFile; fileRef = 2E7ADEFC2B1F5FCA009B1B99 /* AddTaskView.swift */; };
		2E7ADEFF2B1F6107009B1B99 /* TodoListView.swift in Sources */ = {isa = PBXBuildFile; fileRef = 2E7ADEFE2B1F6107009B1B99 /* TodoListView.swift */; };
		2E7ADF022B1F65B0009B1B99 /* PersistenceError.swift in Sources */ = {isa = PBXBuildFile; fileRef = 2E7ADF012B1F65B0009B1B99 /* PersistenceError.swift */; };
/* End PBXBuildFile section */

/* Begin PBXFileReference section */
		2E72061E2C19F0130029191A /* Decoders+API.swift */ = {isa = PBXFileReference; lastKnownFileType = sourcecode.swift; path = "Decoders+API.swift"; sourceTree = "<group>"; };
		2E7ADED42B1E496E009B1B99 /* Simply.app */ = {isa = PBXFileReference; explicitFileType = wrapper.application; includeInIndex = 0; path = Simply.app; sourceTree = BUILT_PRODUCTS_DIR; };
		2E7ADED72B1E496E009B1B99 /* SimplyApp.swift */ = {isa = PBXFileReference; lastKnownFileType = sourcecode.swift; path = SimplyApp.swift; sourceTree = "<group>"; };
		2E7ADED92B1E496E009B1B99 /* ContentView.swift */ = {isa = PBXFileReference; lastKnownFileType = sourcecode.swift; path = ContentView.swift; sourceTree = "<group>"; };
		2E7ADEDB2B1E496F009B1B99 /* Assets.xcassets */ = {isa = PBXFileReference; lastKnownFileType = folder.assetcatalog; path = Assets.xcassets; sourceTree = "<group>"; };
		2E7ADEDE2B1E496F009B1B99 /* Preview Assets.xcassets */ = {isa = PBXFileReference; lastKnownFileType = folder.assetcatalog; path = "Preview Assets.xcassets"; sourceTree = "<group>"; };
		2E7ADEE52B1E4992009B1B99 /* PersistenceController.swift */ = {isa = PBXFileReference; lastKnownFileType = sourcecode.swift; path = PersistenceController.swift; sourceTree = "<group>"; };
		2E7ADEE72B1E4A1B009B1B99 /* TaskManager.swift */ = {isa = PBXFileReference; lastKnownFileType = sourcecode.swift; path = TaskManager.swift; sourceTree = "<group>"; };
		2E7ADEEB2B1E4AAA009B1B99 /* TodoTask.swift */ = {isa = PBXFileReference; lastKnownFileType = sourcecode.swift; path = TodoTask.swift; sourceTree = "<group>"; };
		2E7ADEF22B1E9321009B1B99 /* URL+TaskEndpoint.swift */ = {isa = PBXFileReference; lastKnownFileType = sourcecode.swift; path = "URL+TaskEndpoint.swift"; sourceTree = "<group>"; };
		2E7ADEFC2B1F5FCA009B1B99 /* AddTaskView.swift */ = {isa = PBXFileReference; lastKnownFileType = sourcecode.swift; path = AddTaskView.swift; sourceTree = "<group>"; };
		2E7ADEFE2B1F6107009B1B99 /* TodoListView.swift */ = {isa = PBXFileReference; lastKnownFileType = sourcecode.swift; path = TodoListView.swift; sourceTree = "<group>"; };
		2E7ADF002B1F61A0009B1B99 /* Simply.entitlements */ = {isa = PBXFileReference; lastKnownFileType = text.plist.entitlements; path = Simply.entitlements; sourceTree = "<group>"; };
		2E7ADF012B1F65B0009B1B99 /* PersistenceError.swift */ = {isa = PBXFileReference; lastKnownFileType = sourcecode.swift; path = PersistenceError.swift; sourceTree = "<group>"; };
/* End PBXFileReference section */

/* Begin PBXFrameworksBuildPhase section */
		2E7ADED12B1E496E009B1B99 /* Frameworks */ = {
			isa = PBXFrameworksBuildPhase;
			buildActionMask = 2147483647;
			files = (
			);
			runOnlyForDeploymentPostprocessing = 0;
		};
/* End PBXFrameworksBuildPhase section */

/* Begin PBXGroup section */
		2E7ADECB2B1E496E009B1B99 = {
			isa = PBXGroup;
			children = (
				2E7ADED62B1E496E009B1B99 /* Simply */,
				2E7ADED52B1E496E009B1B99 /* Products */,
			);
			sourceTree = "<group>";
		};
		2E7ADED52B1E496E009B1B99 /* Products */ = {
			isa = PBXGroup;
			children = (
				2E7ADED42B1E496E009B1B99 /* Simply.app */,
			);
			name = Products;
			sourceTree = "<group>";
		};
		2E7ADED62B1E496E009B1B99 /* Simply */ = {
			isa = PBXGroup;
			children = (
				2E7ADF002B1F61A0009B1B99 /* Simply.entitlements */,
				2E7ADEFA2B1F5BA0009B1B99 /* Tasks */,
				2E7ADEF72B1F5B7A009B1B99 /* Application */,
				2E7ADEDB2B1E496F009B1B99 /* Assets.xcassets */,
				2E7ADEF62B1F5B6A009B1B99 /* Extensions */,
				2E7ADEF52B1F5B62009B1B99 /* Models */,
				2E7ADEF42B1F5B58009B1B99 /* Persistence */,
				2E7ADEDD2B1E496F009B1B99 /* Preview Content */,
			);
			path = Simply;
			sourceTree = "<group>";
		};
		2E7ADEDD2B1E496F009B1B99 /* Preview Content */ = {
			isa = PBXGroup;
			children = (
				2E7ADEDE2B1E496F009B1B99 /* Preview Assets.xcassets */,
			);
			path = "Preview Content";
			sourceTree = "<group>";
		};
		2E7ADEF42B1F5B58009B1B99 /* Persistence */ = {
			isa = PBXGroup;
			children = (
				2E7ADEE52B1E4992009B1B99 /* PersistenceController.swift */,
				2E7ADF012B1F65B0009B1B99 /* PersistenceError.swift */,
			);
			path = Persistence;
			sourceTree = "<group>";
		};
		2E7ADEF52B1F5B62009B1B99 /* Models */ = {
			isa = PBXGroup;
			children = (
				2E7ADEEB2B1E4AAA009B1B99 /* TodoTask.swift */,
			);
			path = Models;
			sourceTree = "<group>";
		};
		2E7ADEF62B1F5B6A009B1B99 /* Extensions */ = {
			isa = PBXGroup;
			children = (
				2E7ADEF22B1E9321009B1B99 /* URL+TaskEndpoint.swift */,
				2E72061E2C19F0130029191A /* Decoders+API.swift */,
			);
			path = Extensions;
			sourceTree = "<group>";
		};
		2E7ADEF72B1F5B7A009B1B99 /* Application */ = {
			isa = PBXGroup;
			children = (
				2E7ADED72B1E496E009B1B99 /* SimplyApp.swift */,
				2E7ADED92B1E496E009B1B99 /* ContentView.swift */,
				2E7ADEFE2B1F6107009B1B99 /* TodoListView.swift */,
			);
			path = Application;
			sourceTree = "<group>";
		};
		2E7ADEFA2B1F5BA0009B1B99 /* Tasks */ = {
			isa = PBXGroup;
			children = (
				2E7ADEFB2B1F5ECB009B1B99 /* Views */,
				2E7ADEE72B1E4A1B009B1B99 /* TaskManager.swift */,
			);
			path = Tasks;
			sourceTree = "<group>";
		};
		2E7ADEFB2B1F5ECB009B1B99 /* Views */ = {
			isa = PBXGroup;
			children = (
				2E7ADEFC2B1F5FCA009B1B99 /* AddTaskView.swift */,
			);
			path = Views;
			sourceTree = "<group>";
		};
/* End PBXGroup section */

/* Begin PBXNativeTarget section */
		2E7ADED32B1E496E009B1B99 /* Simply */ = {
			isa = PBXNativeTarget;
			buildConfigurationList = 2E7ADEE22B1E496F009B1B99 /* Build configuration list for PBXNativeTarget "Simply" */;
			buildPhases = (
				2E7ADED02B1E496E009B1B99 /* Sources */,
				2E7ADED12B1E496E009B1B99 /* Frameworks */,
				2E7ADED22B1E496E009B1B99 /* Resources */,
			);
			buildRules = (
			);
			dependencies = (
			);
			name = Simply;
			productName = Simply;
			productReference = 2E7ADED42B1E496E009B1B99 /* Simply.app */;
			productType = "com.apple.product-type.application";
		};
/* End PBXNativeTarget section */

/* Begin PBXProject section */
		2E7ADECC2B1E496E009B1B99 /* Project object */ = {
			isa = PBXProject;
			attributes = {
				BuildIndependentTargetsInParallel = 1;
				LastSwiftUpdateCheck = 1500;
				LastUpgradeCheck = 1500;
				TargetAttributes = {
					2E7ADED32B1E496E009B1B99 = {
						CreatedOnToolsVersion = 15.0.1;
					};
				};
			};
			buildConfigurationList = 2E7ADECF2B1E496E009B1B99 /* Build configuration list for PBXProject "Simply" */;
			compatibilityVersion = "Xcode 14.0";
			developmentRegion = en;
			hasScannedForEncodings = 0;
			knownRegions = (
				en,
				Base,
			);
			mainGroup = 2E7ADECB2B1E496E009B1B99;
			productRefGroup = 2E7ADED52B1E496E009B1B99 /* Products */;
			projectDirPath = "";
			projectRoot = "";
			targets = (
				2E7ADED32B1E496E009B1B99 /* Simply */,
			);
		};
/* End PBXProject section */

/* Begin PBXResourcesBuildPhase section */
		2E7ADED22B1E496E009B1B99 /* Resources */ = {
			isa = PBXResourcesBuildPhase;
			buildActionMask = 2147483647;
			files = (
				2E7ADEDF2B1E496F009B1B99 /* Preview Assets.xcassets in Resources */,
				2E7ADEDC2B1E496F009B1B99 /* Assets.xcassets in Resources */,
			);
			runOnlyForDeploymentPostprocessing = 0;
		};
/* End PBXResourcesBuildPhase section */

/* Begin PBXSourcesBuildPhase section */
		2E7ADED02B1E496E009B1B99 /* Sources */ = {
			isa = PBXSourcesBuildPhase;
			buildActionMask = 2147483647;
			files = (
				2E7ADEE62B1E4992009B1B99 /* PersistenceController.swift in Sources */,
				2E7ADF022B1F65B0009B1B99 /* PersistenceError.swift in Sources */,
				2E7ADEFD2B1F5FCA009B1B99 /* AddTaskView.swift in Sources */,
				2E72061F2C19F0130029191A /* Decoders+API.swift in Sources */,
				2E7ADEFF2B1F6107009B1B99 /* TodoListView.swift in Sources */,
				2E7ADEF32B1E9321009B1B99 /* URL+TaskEndpoint.swift in Sources */,
				2E7ADEEC2B1E4AAA009B1B99 /* TodoTask.swift in Sources */,
				2E7ADEDA2B1E496E009B1B99 /* ContentView.swift in Sources */,
				2E7ADEE82B1E4A1B009B1B99 /* TaskManager.swift in Sources */,
				2E7ADED82B1E496E009B1B99 /* SimplyApp.swift in Sources */,
			);
			runOnlyForDeploymentPostprocessing = 0;
		};
/* End PBXSourcesBuildPhase section */

/* Begin XCBuildConfiguration section */
		2E7ADEE02B1E496F009B1B99 /* Debug */ = {
			isa = XCBuildConfiguration;
			buildSettings = {
				ALWAYS_SEARCH_USER_PATHS = NO;
				ASSETCATALOG_COMPILER_GENERATE_SWIFT_ASSET_SYMBOL_EXTENSIONS = YES;
				CLANG_ANALYZER_NONNULL = YES;
				CLANG_ANALYZER_NUMBER_OBJECT_CONVERSION = YES_AGGRESSIVE;
				CLANG_CXX_LANGUAGE_STANDARD = "gnu++20";
				CLANG_ENABLE_MODULES = YES;
				CLANG_ENABLE_OBJC_ARC = YES;
				CLANG_ENABLE_OBJC_WEAK = YES;
				CLANG_WARN_BLOCK_CAPTURE_AUTORELEASING = YES;
				CLANG_WARN_BOOL_CONVERSION = YES;
				CLANG_WARN_COMMA = YES;
				CLANG_WARN_CONSTANT_CONVERSION = YES;
				CLANG_WARN_DEPRECATED_OBJC_IMPLEMENTATIONS = YES;
				CLANG_WARN_DIRECT_OBJC_ISA_USAGE = YES_ERROR;
				CLANG_WARN_DOCUMENTATION_COMMENTS = YES;
				CLANG_WARN_EMPTY_BODY = YES;
				CLANG_WARN_ENUM_CONVERSION = YES;
				CLANG_WARN_INFINITE_RECURSION = YES;
				CLANG_WARN_INT_CONVERSION = YES;
				CLANG_WARN_NON_LITERAL_NULL_CONVERSION = YES;
				CLANG_WARN_OBJC_IMPLICIT_RETAIN_SELF = YES;
				CLANG_WARN_OBJC_LITERAL_CONVERSION = YES;
				CLANG_WARN_OBJC_ROOT_CLASS = YES_ERROR;
				CLANG_WARN_QUOTED_INCLUDE_IN_FRAMEWORK_HEADER = YES;
				CLANG_WARN_RANGE_LOOP_ANALYSIS = YES;
				CLANG_WARN_STRICT_PROTOTYPES = YES;
				CLANG_WARN_SUSPICIOUS_MOVE = YES;
				CLANG_WARN_UNGUARDED_AVAILABILITY = YES_AGGRESSIVE;
				CLANG_WARN_UNREACHABLE_CODE = YES;
				CLANG_WARN__DUPLICATE_METHOD_MATCH = YES;
				COPY_PHASE_STRIP = NO;
				DEBUG_INFORMATION_FORMAT = dwarf;
				ENABLE_STRICT_OBJC_MSGSEND = YES;
				ENABLE_TESTABILITY = YES;
				ENABLE_USER_SCRIPT_SANDBOXING = YES;
				GCC_C_LANGUAGE_STANDARD = gnu17;
				GCC_DYNAMIC_NO_PIC = NO;
				GCC_NO_COMMON_BLOCKS = YES;
				GCC_OPTIMIZATION_LEVEL = 0;
				GCC_PREPROCESSOR_DEFINITIONS = (
					"DEBUG=1",
					"$(inherited)",
				);
				GCC_WARN_64_TO_32_BIT_CONVERSION = YES;
				GCC_WARN_ABOUT_RETURN_TYPE = YES_ERROR;
				GCC_WARN_UNDECLARED_SELECTOR = YES;
				GCC_WARN_UNINITIALIZED_AUTOS = YES_AGGRESSIVE;
				GCC_WARN_UNUSED_FUNCTION = YES;
				GCC_WARN_UNUSED_VARIABLE = YES;
				IPHONEOS_DEPLOYMENT_TARGET = 17.0;
				LOCALIZATION_PREFERS_STRING_CATALOGS = YES;
				MTL_ENABLE_DEBUG_INFO = INCLUDE_SOURCE;
				MTL_FAST_MATH = YES;
				ONLY_ACTIVE_ARCH = YES;
				SDKROOT = iphoneos;
				SWIFT_ACTIVE_COMPILATION_CONDITIONS = "DEBUG $(inherited)";
				SWIFT_OPTIMIZATION_LEVEL = "-Onone";
			};
			name = Debug;
		};
		2E7ADEE12B1E496F009B1B99 /* Release */ = {
			isa = XCBuildConfiguration;
			buildSettings = {
				ALWAYS_SEARCH_USER_PATHS = NO;
				ASSETCATALOG_COMPILER_GENERATE_SWIFT_ASSET_SYMBOL_EXTENSIONS = YES;
				CLANG_ANALYZER_NONNULL = YES;
				CLANG_ANALYZER_NUMBER_OBJECT_CONVERSION = YES_AGGRESSIVE;
				CLANG_CXX_LANGUAGE_STANDARD = "gnu++20";
				CLANG_ENABLE_MODULES = YES;
				CLANG_ENABLE_OBJC_ARC = YES;
				CLANG_ENABLE_OBJC_WEAK = YES;
				CLANG_WARN_BLOCK_CAPTURE_AUTORELEASING = YES;
				CLANG_WARN_BOOL_CONVERSION = YES;
				CLANG_WARN_COMMA = YES;
				CLANG_WARN_CONSTANT_CONVERSION = YES;
				CLANG_WARN_DEPRECATED_OBJC_IMPLEMENTATIONS = YES;
				CLANG_WARN_DIRECT_OBJC_ISA_USAGE = YES_ERROR;
				CLANG_WARN_DOCUMENTATION_COMMENTS = YES;
				CLANG_WARN_EMPTY_BODY = YES;
				CLANG_WARN_ENUM_CONVERSION = YES;
				CLANG_WARN_INFINITE_RECURSION = YES;
				CLANG_WARN_INT_CONVERSION = YES;
				CLANG_WARN_NON_LITERAL_NULL_CONVERSION = YES;
				CLANG_WARN_OBJC_IMPLICIT_RETAIN_SELF = YES;
				CLANG_WARN_OBJC_LITERAL_CONVERSION = YES;
				CLANG_WARN_OBJC_ROOT_CLASS = YES_ERROR;
				CLANG_WARN_QUOTED_INCLUDE_IN_FRAMEWORK_HEADER = YES;
				CLANG_WARN_RANGE_LOOP_ANALYSIS = YES;
				CLANG_WARN_STRICT_PROTOTYPES = YES;
				CLANG_WARN_SUSPICIOUS_MOVE = YES;
				CLANG_WARN_UNGUARDED_AVAILABILITY = YES_AGGRESSIVE;
				CLANG_WARN_UNREACHABLE_CODE = YES;
				CLANG_WARN__DUPLICATE_METHOD_MATCH = YES;
				COPY_PHASE_STRIP = NO;
				DEBUG_INFORMATION_FORMAT = "dwarf-with-dsym";
				ENABLE_NS_ASSERTIONS = NO;
				ENABLE_STRICT_OBJC_MSGSEND = YES;
				ENABLE_USER_SCRIPT_SANDBOXING = YES;
				GCC_C_LANGUAGE_STANDARD = gnu17;
				GCC_NO_COMMON_BLOCKS = YES;
				GCC_WARN_64_TO_32_BIT_CONVERSION = YES;
				GCC_WARN_ABOUT_RETURN_TYPE = YES_ERROR;
				GCC_WARN_UNDECLARED_SELECTOR = YES;
				GCC_WARN_UNINITIALIZED_AUTOS = YES_AGGRESSIVE;
				GCC_WARN_UNUSED_FUNCTION = YES;
				GCC_WARN_UNUSED_VARIABLE = YES;
				IPHONEOS_DEPLOYMENT_TARGET = 17.0;
				LOCALIZATION_PREFERS_STRING_CATALOGS = YES;
				MTL_ENABLE_DEBUG_INFO = NO;
				MTL_FAST_MATH = YES;
				SDKROOT = iphoneos;
				SWIFT_COMPILATION_MODE = wholemodule;
				VALIDATE_PRODUCT = YES;
			};
			name = Release;
		};
		2E7ADEE32B1E496F009B1B99 /* Debug */ = {
			isa = XCBuildConfiguration;
			buildSettings = {
				ASSETCATALOG_COMPILER_APPICON_NAME = AppIcon;
				ASSETCATALOG_COMPILER_GLOBAL_ACCENT_COLOR_NAME = AccentColor;
				CODE_SIGN_ENTITLEMENTS = Simply/Simply.entitlements;
				CODE_SIGN_STYLE = Automatic;
				CURRENT_PROJECT_VERSION = 1;
				DEVELOPMENT_ASSET_PATHS = "\"Simply/Preview Content\"";
				DEVELOPMENT_TEAM = ASLRJLYD2S;
				ENABLE_PREVIEWS = YES;
				GENERATE_INFOPLIST_FILE = YES;
				INFOPLIST_KEY_UIApplicationSceneManifest_Generation = YES;
				INFOPLIST_KEY_UIApplicationSupportsIndirectInputEvents = YES;
				INFOPLIST_KEY_UILaunchScreen_Generation = YES;
				INFOPLIST_KEY_UISupportedInterfaceOrientations_iPad = "UIInterfaceOrientationPortrait UIInterfaceOrientationPortraitUpsideDown UIInterfaceOrientationLandscapeLeft UIInterfaceOrientationLandscapeRight";
				INFOPLIST_KEY_UISupportedInterfaceOrientations_iPhone = "UIInterfaceOrientationPortrait UIInterfaceOrientationLandscapeLeft UIInterfaceOrientationLandscapeRight";
				LD_RUNPATH_SEARCH_PATHS = (
					"$(inherited)",
					"@executable_path/Frameworks",
				);
				MARKETING_VERSION = 1.0;
				PRODUCT_BUNDLE_IDENTIFIER = com.ashlirankin.Simply;
				PRODUCT_NAME = "$(TARGET_NAME)";
				SWIFT_EMIT_LOC_STRINGS = YES;
				SWIFT_VERSION = 5.0;
				TARGETED_DEVICE_FAMILY = "1,2";
			};
			name = Debug;
		};
		2E7ADEE42B1E496F009B1B99 /* Release */ = {
			isa = XCBuildConfiguration;
			buildSettings = {
				ASSETCATALOG_COMPILER_APPICON_NAME = AppIcon;
				ASSETCATALOG_COMPILER_GLOBAL_ACCENT_COLOR_NAME = AccentColor;
				CODE_SIGN_ENTITLEMENTS = Simply/Simply.entitlements;
				CODE_SIGN_STYLE = Automatic;
				CURRENT_PROJECT_VERSION = 1;
				DEVELOPMENT_ASSET_PATHS = "\"Simply/Preview Content\"";
				DEVELOPMENT_TEAM = ASLRJLYD2S;
				ENABLE_PREVIEWS = YES;
				GENERATE_INFOPLIST_FILE = YES;
				INFOPLIST_KEY_UIApplicationSceneManifest_Generation = YES;
				INFOPLIST_KEY_UIApplicationSupportsIndirectInputEvents = YES;
				INFOPLIST_KEY_UILaunchScreen_Generation = YES;
				INFOPLIST_KEY_UISupportedInterfaceOrientations_iPad = "UIInterfaceOrientationPortrait UIInterfaceOrientationPortraitUpsideDown UIInterfaceOrientationLandscapeLeft UIInterfaceOrientationLandscapeRight";
				INFOPLIST_KEY_UISupportedInterfaceOrientations_iPhone = "UIInterfaceOrientationPortrait UIInterfaceOrientationLandscapeLeft UIInterfaceOrientationLandscapeRight";
				LD_RUNPATH_SEARCH_PATHS = (
					"$(inherited)",
					"@executable_path/Frameworks",
				);
				MARKETING_VERSION = 1.0;
				PRODUCT_BUNDLE_IDENTIFIER = com.ashlirankin.Simply;
				PRODUCT_NAME = "$(TARGET_NAME)";
				SWIFT_EMIT_LOC_STRINGS = YES;
				SWIFT_VERSION = 5.0;
				TARGETED_DEVICE_FAMILY = "1,2";
			};
			name = Release;
		};
/* End XCBuildConfiguration section */

/* Begin XCConfigurationList section */
		2E7ADECF2B1E496E009B1B99 /* Build configuration list for PBXProject "Simply" */ = {
			isa = XCConfigurationList;
			buildConfigurations = (
				2E7ADEE02B1E496F009B1B99 /* Debug */,
				2E7ADEE12B1E496F009B1B99 /* Release */,
			);
			defaultConfigurationIsVisible = 0;
			defaultConfigurationName = Release;
		};
		2E7ADEE22B1E496F009B1B99 /* Build configuration list for PBXNativeTarget "Simply" */ = {
			isa = XCConfigurationList;
			buildConfigurations = (
				2E7ADEE32B1E496F009B1B99 /* Debug */,
				2E7ADEE42B1E496F009B1B99 /* Release */,
			);
			defaultConfigurationIsVisible = 0;
			defaultConfigurationName = Release;
		};
/* End XCConfigurationList section */
	};
	rootObject = 2E7ADECC2B1E496E009B1B99 /* Project object */;
}
